// !$*UTF8*$!
{
	archiveVersion = 1;
	classes = {
	};
	objectVersion = 46;
	objects = {

/* Begin PBXBuildFile section */
		C22091211CC0AA3700C1892C /* AppDelegate.swift in Sources */ = {isa = PBXBuildFile; fileRef = C22091201CC0AA3700C1892C /* AppDelegate.swift */; };
		C22091231CC0AA3700C1892C /* ViewController.swift in Sources */ = {isa = PBXBuildFile; fileRef = C22091221CC0AA3700C1892C /* ViewController.swift */; };
		C22091261CC0AA3700C1892C /* Main.storyboard in Resources */ = {isa = PBXBuildFile; fileRef = C22091241CC0AA3700C1892C /* Main.storyboard */; };
		C22091281CC0AA3700C1892C /* Assets.xcassets in Resources */ = {isa = PBXBuildFile; fileRef = C22091271CC0AA3700C1892C /* Assets.xcassets */; };
		C220912B1CC0AA3700C1892C /* LaunchScreen.storyboard in Resources */ = {isa = PBXBuildFile; fileRef = C22091291CC0AA3700C1892C /* LaunchScreen.storyboard */; };
/* End PBXBuildFile section */

/* Begin PBXFileReference section */
		C220911D1CC0AA3700C1892C /* SwiftiPhoneSimpleApplication.app */ = {isa = PBXFileReference; explicitFileType = wrapper.application; includeInIndex = 0; path = SwiftiPhoneSimpleApplication.app; sourceTree = BUILT_PRODUCTS_DIR; };
		C22091201CC0AA3700C1892C /* AppDelegate.swift */ = {isa = PBXFileReference; lastKnownFileType = sourcecode.swift; path = AppDelegate.swift; sourceTree = "<group>"; };
		C22091221CC0AA3700C1892C /* ViewController.swift */ = {isa = PBXFileReference; lastKnownFileType = sourcecode.swift; path = ViewController.swift; sourceTree = "<group>"; };
		C22091251CC0AA3700C1892C /* Base */ = {isa = PBXFileReference; lastKnownFileType = file.storyboard; name = Base; path = Base.lproj/Main.storyboard; sourceTree = "<group>"; };
		C22091271CC0AA3700C1892C /* Assets.xcassets */ = {isa = PBXFileReference; lastKnownFileType = folder.assetcatalog; path = Assets.xcassets; sourceTree = "<group>"; };
		C220912A1CC0AA3700C1892C /* Base */ = {isa = PBXFileReference; lastKnownFileType = file.storyboard; name = Base; path = Base.lproj/LaunchScreen.storyboard; sourceTree = "<group>"; };
		C220912C1CC0AA3700C1892C /* Info.plist */ = {isa = PBXFileReference; lastKnownFileType = text.plist.xml; path = Info.plist; sourceTree = "<group>"; };
/* End PBXFileReference section */

/* Begin PBXFrameworksBuildPhase section */
		C220911A1CC0AA3700C1892C /* Frameworks */ = {
			isa = PBXFrameworksBuildPhase;
			buildActionMask = 2147483647;
			files = (
			);
			runOnlyForDeploymentPostprocessing = 0;
		};
/* End PBXFrameworksBuildPhase section */

/* Begin PBXGroup section */
		C22091141CC0AA3700C1892C = {
			isa = PBXGroup;
			children = (
				C220911F1CC0AA3700C1892C /* SwiftiPhoneSimpleApplication */,
				C220911E1CC0AA3700C1892C /* Products */,
			);
			sourceTree = "<group>";
		};
		C220911E1CC0AA3700C1892C /* Products */ = {
			isa = PBXGroup;
			children = (
				C220911D1CC0AA3700C1892C /* SwiftiPhoneSimpleApplication.app */,
			);
			name = Products;
			sourceTree = "<group>";
		};
		C220911F1CC0AA3700C1892C /* SwiftiPhoneSimpleApplication */ = {
			isa = PBXGroup;
			children = (
				C22091201CC0AA3700C1892C /* AppDelegate.swift */,
				C22091221CC0AA3700C1892C /* ViewController.swift */,
				C22091241CC0AA3700C1892C /* Main.storyboard */,
				C22091271CC0AA3700C1892C /* Assets.xcassets */,
				C22091291CC0AA3700C1892C /* LaunchScreen.storyboard */,
				C220912C1CC0AA3700C1892C /* Info.plist */,
			);
			path = SwiftiPhoneSimpleApplication;
			sourceTree = "<group>";
		};
/* End PBXGroup section */

/* Begin PBXNativeTarget section */
		C220911C1CC0AA3700C1892C /* SwiftiPhoneSimpleApplication */ = {
			isa = PBXNativeTarget;
			buildConfigurationList = C220912F1CC0AA3700C1892C /* Build configuration list for PBXNativeTarget "SwiftiPhoneSimpleApplication" */;
			buildPhases = (
				C22091191CC0AA3700C1892C /* Sources */,
				C220911A1CC0AA3700C1892C /* Frameworks */,
				C220911B1CC0AA3700C1892C /* Resources */,
			);
			buildRules = (
			);
			dependencies = (
			);
			name = SwiftiPhoneSimpleApplication;
			productName = SwiftiPhoneSimpleApplication;
			productReference = C220911D1CC0AA3700C1892C /* SwiftiPhoneSimpleApplication.app */;
			productType = "com.apple.product-type.application";
		};
/* End PBXNativeTarget section */

/* Begin PBXProject section */
		C22091151CC0AA3700C1892C /* Project object */ = {
			isa = PBXProject;
			attributes = {
				LastSwiftUpdateCheck = 0720;
				LastUpgradeCheck = 0720;
				ORGANIZATIONNAME = staryun;
				TargetAttributes = {
					C220911C1CC0AA3700C1892C = {
						CreatedOnToolsVersion = 7.2.1;
					};
				};
			};
			buildConfigurationList = C22091181CC0AA3700C1892C /* Build configuration list for PBXProject "SwiftiPhoneSimpleApplication" */;
			compatibilityVersion = "Xcode 3.2";
			developmentRegion = English;
			hasScannedForEncodings = 0;
			knownRegions = (
				en,
				Base,
			);
			mainGroup = C22091141CC0AA3700C1892C;
			productRefGroup = C220911E1CC0AA3700C1892C /* Products */;
			projectDirPath = "";
			projectRoot = "";
			targets = (
				C220911C1CC0AA3700C1892C /* SwiftiPhoneSimpleApplication */,
			);
		};
/* End PBXProject section */

/* Begin PBXResourcesBuildPhase section */
		C220911B1CC0AA3700C1892C /* Resources */ = {
			isa = PBXResourcesBuildPhase;
			buildActionMask = 2147483647;
			files = (
				C220912B1CC0AA3700C1892C /* LaunchScreen.storyboard in Resources */,
				C22091281CC0AA3700C1892C /* Assets.xcassets in Resources */,
				C22091261CC0AA3700C1892C /* Main.storyboard in Resources */,
			);
			runOnlyForDeploymentPostprocessing = 0;
		};
/* End PBXResourcesBuildPhase section */

/* Begin PBXSourcesBuildPhase section */
		C22091191CC0AA3700C1892C /* Sources */ = {
			isa = PBXSourcesBuildPhase;
			buildActionMask = 2147483647;
			files = (
				C22091231CC0AA3700C1892C /* ViewController.swift in Sources */,
				C22091211CC0AA3700C1892C /* AppDelegate.swift in Sources */,
			);
			runOnlyForDeploymentPostprocessing = 0;
		};
/* End PBXSourcesBuildPhase section */

/* Begin PBXVariantGroup section */
		C22091241CC0AA3700C1892C /* Main.storyboard */ = {
			isa = PBXVariantGroup;
			children = (
				C22091251CC0AA3700C1892C /* Base */,
			);
			name = Main.storyboard;
			sourceTree = "<group>";
		};
		C22091291CC0AA3700C1892C /* LaunchScreen.storyboard */ = {
			isa = PBXVariantGroup;
			children = (
				C220912A1CC0AA3700C1892C /* Base */,
			);
			name = LaunchScreen.storyboard;
			sourceTree = "<group>";
		};
/* End PBXVariantGroup section */

/* Begin XCBuildConfiguration section */
		C220912D1CC0AA3700C1892C /* Debug */ = {
			isa = XCBuildConfiguration;
			buildSettings = {
				ALWAYS_SEARCH_USER_PATHS = NO;
				CLANG_CXX_LANGUAGE_STANDARD = "gnu++0x";
				CLANG_CXX_LIBRARY = "libc++";
				CLANG_ENABLE_MODULES = YES;
				CLANG_ENABLE_OBJC_ARC = YES;
				CLANG_WARN_BOOL_CONVERSION = YES;
				CLANG_WARN_CONSTANT_CONVERSION = YES;
				CLANG_WARN_DIRECT_OBJC_ISA_USAGE = YES_ERROR;
				CLANG_WARN_EMPTY_BODY = YES;
				CLANG_WARN_ENUM_CONVERSION = YES;
				CLANG_WARN_INT_CONVERSION = YES;
				CLANG_WARN_OBJC_ROOT_CLASS = YES_ERROR;
				CLANG_WARN_UNREACHABLE_CODE = YES;
				CLANG_WARN__DUPLICATE_METHOD_MATCH = YES;
				"CODE_SIGN_IDENTITY[sdk=iphoneos*]" = "iPhone Developer";
				COPY_PHASE_STRIP = NO;
				DEBUG_INFORMATION_FORMAT = dwarf;
				ENABLE_STRICT_OBJC_MSGSEND = YES;
				ENABLE_TESTABILITY = YES;
				GCC_C_LANGUAGE_STANDARD = gnu99;
				GCC_DYNAMIC_NO_PIC = NO;
				GCC_NO_COMMON_BLOCKS = YES;
				GCC_OPTIMIZATION_LEVEL = 0;
				GCC_PREPROCESSOR_DEFINITIONS = (
					"DEBUG=1",
					"$(inherited)",
				);
				GCC_WARN_64_TO_32_BIT_CONVERSION = YES;
				GCC_WARN_ABOUT_RETURN_TYPE = YES_ERROR;
				GCC_WARN_UNDECLARED_SELECTOR = YES;
				GCC_WARN_UNINITIALIZED_AUTOS = YES_AGGRESSIVE;
				GCC_WARN_UNUSED_FUNCTION = YES;
				GCC_WARN_UNUSED_VARIABLE = YES;
				IPHONEOS_DEPLOYMENT_TARGET = 9.2;
				MTL_ENABLE_DEBUG_INFO = YES;
				ONLY_ACTIVE_ARCH = YES;
				SDKROOT = iphoneos;
				SWIFT_OPTIMIZATION_LEVEL = "-Onone";
			};
			name = Debug;
		};
		C220912E1CC0AA3700C1892C /* Release */ = {
			isa = XCBuildConfiguration;
			buildSettings = {
				ALWAYS_SEARCH_USER_PATHS = NO;
				CLANG_CXX_LANGUAGE_STANDARD = "gnu++0x";
				CLANG_CXX_LIBRARY = "libc++";
				CLANG_ENABLE_MODULES = YES;
				CLANG_ENABLE_OBJC_ARC = YES;
				CLANG_WARN_BOOL_CONVERSION = YES;
				CLANG_WARN_CONSTANT_CONVERSION = YES;
				CLANG_WARN_DIRECT_OBJC_ISA_USAGE = YES_ERROR;
				CLANG_WARN_EMPTY_BODY = YES;
				CLANG_WARN_ENUM_CONVERSION = YES;
				CLANG_WARN_INT_CONVERSION = YES;
				CLANG_WARN_OBJC_ROOT_CLASS = YES_ERROR;
				CLANG_WARN_UNREACHABLE_CODE = YES;
				CLANG_WARN__DUPLICATE_METHOD_MATCH = YES;
				"CODE_SIGN_IDENTITY[sdk=iphoneos*]" = "iPhone Developer";
				COPY_PHASE_STRIP = NO;
				DEBUG_INFORMATION_FORMAT = "dwarf-with-dsym";
				ENABLE_NS_ASSERTIONS = NO;
				ENABLE_STRICT_OBJC_MSGSEND = YES;
				GCC_C_LANGUAGE_STANDARD = gnu99;
				GCC_NO_COMMON_BLOCKS = YES;
				GCC_WARN_64_TO_32_BIT_CONVERSION = YES;
				GCC_WARN_ABOUT_RETURN_TYPE = YES_ERROR;
				GCC_WARN_UNDECLARED_SELECTOR = YES;
				GCC_WARN_UNINITIALIZED_AUTOS = YES_AGGRESSIVE;
				GCC_WARN_UNUSED_FUNCTION = YES;
				GCC_WARN_UNUSED_VARIABLE = YES;
				IPHONEOS_DEPLOYMENT_TARGET = 9.2;
				MTL_ENABLE_DEBUG_INFO = NO;
				SDKROOT = iphoneos;
				VALIDATE_PRODUCT = YES;
			};
			name = Release;
		};
		C22091301CC0AA3700C1892C /* Debug */ = {
			isa = XCBuildConfiguration;
			buildSettings = {
				ASSETCATALOG_COMPILER_APPICON_NAME = AppIcon;
				INFOPLIST_FILE = SwiftiPhoneSimpleApplication/Info.plist;
				LD_RUNPATH_SEARCH_PATHS = "$(inherited) @executable_path/Frameworks";
				PRODUCT_BUNDLE_IDENTIFIER = com.staryun.SwiftiPhoneSimpleApplication;
				PRODUCT_NAME = "$(TARGET_NAME)";
			};
			name = Debug;
		};
		C22091311CC0AA3700C1892C /* Release */ = {
			isa = XCBuildConfiguration;
			buildSettings = {
				ASSETCATALOG_COMPILER_APPICON_NAME = AppIcon;
				INFOPLIST_FILE = SwiftiPhoneSimpleApplication/Info.plist;
				LD_RUNPATH_SEARCH_PATHS = "$(inherited) @executable_path/Frameworks";
				PRODUCT_BUNDLE_IDENTIFIER = com.staryun.SwiftiPhoneSimpleApplication;
				PRODUCT_NAME = "$(TARGET_NAME)";
			};
			name = Release;
		};
/* End XCBuildConfiguration section */

/* Begin XCConfigurationList section */
		C22091181CC0AA3700C1892C /* Build configuration list for PBXProject "SwiftiPhoneSimpleApplication" */ = {
			isa = XCConfigurationList;
			buildConfigurations = (
				C220912D1CC0AA3700C1892C /* Debug */,
				C220912E1CC0AA3700C1892C /* Release */,
			);
			defaultConfigurationIsVisible = 0;
			defaultConfigurationName = Release;
		};
		C220912F1CC0AA3700C1892C /* Build configuration list for PBXNativeTarget "SwiftiPhoneSimpleApplication" */ = {
			isa = XCConfigurationList;
			buildConfigurations = (
				C22091301CC0AA3700C1892C /* Debug */,
				C22091311CC0AA3700C1892C /* Release */,
			);
			defaultConfigurationIsVisible = 0;
		};
/* End XCConfigurationList section */
	};
	rootObject = C22091151CC0AA3700C1892C /* Project object */;
}
